// !$*UTF8*$!
{
	archiveVersion = 1;
	classes = {
	};
	objectVersion = 56;
	objects = {

/* Begin PBXBuildFile section */
		B16BF2E428FFF6D50094252C /* AppDelegate.swift in Sources */ = {isa = PBXBuildFile; fileRef = B16BF2E328FFF6D50094252C /* AppDelegate.swift */; };
		B16BF2E628FFF6D50094252C /* SceneDelegate.swift in Sources */ = {isa = PBXBuildFile; fileRef = B16BF2E528FFF6D50094252C /* SceneDelegate.swift */; };
		B16BF2E828FFF6D50094252C /* ViewController.swift in Sources */ = {isa = PBXBuildFile; fileRef = B16BF2E728FFF6D50094252C /* ViewController.swift */; };
		B16BF2EB28FFF6D50094252C /* Main.storyboard in Resources */ = {isa = PBXBuildFile; fileRef = B16BF2E928FFF6D50094252C /* Main.storyboard */; };
		B16BF2EE28FFF6D50094252C /* SpotifyFavs.xcdatamodeld in Sources */ = {isa = PBXBuildFile; fileRef = B16BF2EC28FFF6D50094252C /* SpotifyFavs.xcdatamodeld */; };
		B16BF2F028FFF6D70094252C /* Assets.xcassets in Resources */ = {isa = PBXBuildFile; fileRef = B16BF2EF28FFF6D70094252C /* Assets.xcassets */; };
		B16BF2F328FFF6D70094252C /* LaunchScreen.storyboard in Resources */ = {isa = PBXBuildFile; fileRef = B16BF2F128FFF6D70094252C /* LaunchScreen.storyboard */; };
		B16BF2FC28FFFB2E0094252C /* HomeViewController.swift in Sources */ = {isa = PBXBuildFile; fileRef = B16BF2FB28FFFB2E0094252C /* HomeViewController.swift */; };
		B16BF2FE290000720094252C /* AccountViewController.swift in Sources */ = {isa = PBXBuildFile; fileRef = B16BF2FD290000720094252C /* AccountViewController.swift */; };
		B16BF300290000890094252C /* StatsViewController.swift in Sources */ = {isa = PBXBuildFile; fileRef = B16BF2FF290000890094252C /* StatsViewController.swift */; };
/* End PBXBuildFile section */

/* Begin PBXFileReference section */
		B16BF2E028FFF6D50094252C /* SpotifyFavs.app */ = {isa = PBXFileReference; explicitFileType = wrapper.application; includeInIndex = 0; path = SpotifyFavs.app; sourceTree = BUILT_PRODUCTS_DIR; };
		B16BF2E328FFF6D50094252C /* AppDelegate.swift */ = {isa = PBXFileReference; lastKnownFileType = sourcecode.swift; path = AppDelegate.swift; sourceTree = "<group>"; };
		B16BF2E528FFF6D50094252C /* SceneDelegate.swift */ = {isa = PBXFileReference; lastKnownFileType = sourcecode.swift; path = SceneDelegate.swift; sourceTree = "<group>"; };
		B16BF2E728FFF6D50094252C /* ViewController.swift */ = {isa = PBXFileReference; lastKnownFileType = sourcecode.swift; path = ViewController.swift; sourceTree = "<group>"; };
		B16BF2EA28FFF6D50094252C /* Base */ = {isa = PBXFileReference; lastKnownFileType = file.storyboard; name = Base; path = Base.lproj/Main.storyboard; sourceTree = "<group>"; };
		B16BF2ED28FFF6D50094252C /* SpotifyFavs.xcdatamodel */ = {isa = PBXFileReference; lastKnownFileType = wrapper.xcdatamodel; path = SpotifyFavs.xcdatamodel; sourceTree = "<group>"; };
		B16BF2EF28FFF6D70094252C /* Assets.xcassets */ = {isa = PBXFileReference; lastKnownFileType = folder.assetcatalog; path = Assets.xcassets; sourceTree = "<group>"; };
		B16BF2F228FFF6D70094252C /* Base */ = {isa = PBXFileReference; lastKnownFileType = file.storyboard; name = Base; path = Base.lproj/LaunchScreen.storyboard; sourceTree = "<group>"; };
		B16BF2F428FFF6D70094252C /* Info.plist */ = {isa = PBXFileReference; lastKnownFileType = text.plist.xml; path = Info.plist; sourceTree = "<group>"; };
		B16BF2FB28FFFB2E0094252C /* HomeViewController.swift */ = {isa = PBXFileReference; lastKnownFileType = sourcecode.swift; path = HomeViewController.swift; sourceTree = "<group>"; };
		B16BF2FD290000720094252C /* AccountViewController.swift */ = {isa = PBXFileReference; lastKnownFileType = sourcecode.swift; path = AccountViewController.swift; sourceTree = "<group>"; };
		B16BF2FF290000890094252C /* StatsViewController.swift */ = {isa = PBXFileReference; lastKnownFileType = sourcecode.swift; path = StatsViewController.swift; sourceTree = "<group>"; };
/* End PBXFileReference section */

/* Begin PBXFrameworksBuildPhase section */
		B16BF2DD28FFF6D50094252C /* Frameworks */ = {
			isa = PBXFrameworksBuildPhase;
			buildActionMask = 2147483647;
			files = (
			);
			runOnlyForDeploymentPostprocessing = 0;
		};
/* End PBXFrameworksBuildPhase section */

/* Begin PBXGroup section */
		B16BF2D728FFF6D50094252C = {
			isa = PBXGroup;
			children = (
				B16BF2E228FFF6D50094252C /* SpotifyFavs */,
				B16BF2E128FFF6D50094252C /* Products */,
			);
			sourceTree = "<group>";
		};
		B16BF2E128FFF6D50094252C /* Products */ = {
			isa = PBXGroup;
			children = (
				B16BF2E028FFF6D50094252C /* SpotifyFavs.app */,
			);
			name = Products;
			sourceTree = "<group>";
		};
		B16BF2E228FFF6D50094252C /* SpotifyFavs */ = {
			isa = PBXGroup;
			children = (
				B16BF2FA28FFFAC80094252C /* ViewController */,
				B16BF2E328FFF6D50094252C /* AppDelegate.swift */,
				B16BF2E528FFF6D50094252C /* SceneDelegate.swift */,
				B16BF2E928FFF6D50094252C /* Main.storyboard */,
				B16BF2EF28FFF6D70094252C /* Assets.xcassets */,
				B16BF2F128FFF6D70094252C /* LaunchScreen.storyboard */,
				B16BF2F428FFF6D70094252C /* Info.plist */,
				B16BF2EC28FFF6D50094252C /* SpotifyFavs.xcdatamodeld */,
			);
			path = SpotifyFavs;
			sourceTree = "<group>";
		};
		B16BF2FA28FFFAC80094252C /* ViewController */ = {
			isa = PBXGroup;
			children = (
				B16BF2E728FFF6D50094252C /* ViewController.swift */,
				B16BF2FB28FFFB2E0094252C /* HomeViewController.swift */,
				B16BF2FD290000720094252C /* AccountViewController.swift */,
				B16BF2FF290000890094252C /* StatsViewController.swift */,
			);
			path = ViewController;
			sourceTree = "<group>";
		};
/* End PBXGroup section */

/* Begin PBXNativeTarget section */
		B16BF2DF28FFF6D50094252C /* SpotifyFavs */ = {
			isa = PBXNativeTarget;
			buildConfigurationList = B16BF2F728FFF6D70094252C /* Build configuration list for PBXNativeTarget "SpotifyFavs" */;
			buildPhases = (
				B16BF2DC28FFF6D50094252C /* Sources */,
				B16BF2DD28FFF6D50094252C /* Frameworks */,
				B16BF2DE28FFF6D50094252C /* Resources */,
			);
			buildRules = (
			);
			dependencies = (
			);
			name = SpotifyFavs;
			productName = SpotifyFavs;
			productReference = B16BF2E028FFF6D50094252C /* SpotifyFavs.app */;
			productType = "com.apple.product-type.application";
		};
/* End PBXNativeTarget section */

/* Begin PBXProject section */
		B16BF2D828FFF6D50094252C /* Project object */ = {
			isa = PBXProject;
			attributes = {
				BuildIndependentTargetsInParallel = 1;
				LastSwiftUpdateCheck = 1400;
				LastUpgradeCheck = 1400;
				TargetAttributes = {
					B16BF2DF28FFF6D50094252C = {
						CreatedOnToolsVersion = 14.0.1;
					};
				};
			};
			buildConfigurationList = B16BF2DB28FFF6D50094252C /* Build configuration list for PBXProject "SpotifyFavs" */;
			compatibilityVersion = "Xcode 14.0";
			developmentRegion = en;
			hasScannedForEncodings = 0;
			knownRegions = (
				en,
				Base,
			);
			mainGroup = B16BF2D728FFF6D50094252C;
			productRefGroup = B16BF2E128FFF6D50094252C /* Products */;
			projectDirPath = "";
			projectRoot = "";
			targets = (
				B16BF2DF28FFF6D50094252C /* SpotifyFavs */,
			);
		};
/* End PBXProject section */

/* Begin PBXResourcesBuildPhase section */
		B16BF2DE28FFF6D50094252C /* Resources */ = {
			isa = PBXResourcesBuildPhase;
			buildActionMask = 2147483647;
			files = (
				B16BF2F328FFF6D70094252C /* LaunchScreen.storyboard in Resources */,
				B16BF2F028FFF6D70094252C /* Assets.xcassets in Resources */,
				B16BF2EB28FFF6D50094252C /* Main.storyboard in Resources */,
			);
			runOnlyForDeploymentPostprocessing = 0;
		};
/* End PBXResourcesBuildPhase section */

/* Begin PBXSourcesBuildPhase section */
		B16BF2DC28FFF6D50094252C /* Sources */ = {
			isa = PBXSourcesBuildPhase;
			buildActionMask = 2147483647;
			files = (
				B16BF2FC28FFFB2E0094252C /* HomeViewController.swift in Sources */,
				B16BF2E828FFF6D50094252C /* ViewController.swift in Sources */,
				B16BF2FE290000720094252C /* AccountViewController.swift in Sources */,
				B16BF2E428FFF6D50094252C /* AppDelegate.swift in Sources */,
				B16BF300290000890094252C /* StatsViewController.swift in Sources */,
				B16BF2EE28FFF6D50094252C /* SpotifyFavs.xcdatamodeld in Sources */,
				B16BF2E628FFF6D50094252C /* SceneDelegate.swift in Sources */,
			);
			runOnlyForDeploymentPostprocessing = 0;
		};
/* End PBXSourcesBuildPhase section */

/* Begin PBXVariantGroup section */
		B16BF2E928FFF6D50094252C /* Main.storyboard */ = {
			isa = PBXVariantGroup;
			children = (
				B16BF2EA28FFF6D50094252C /* Base */,
			);
			name = Main.storyboard;
			sourceTree = "<group>";
		};
		B16BF2F128FFF6D70094252C /* LaunchScreen.storyboard */ = {
			isa = PBXVariantGroup;
			children = (
				B16BF2F228FFF6D70094252C /* Base */,
			);
			name = LaunchScreen.storyboard;
			sourceTree = "<group>";
		};
/* End PBXVariantGroup section */

/* Begin XCBuildConfiguration section */
		B16BF2F528FFF6D70094252C /* Debug */ = {
			isa = XCBuildConfiguration;
			buildSettings = {
				ALWAYS_SEARCH_USER_PATHS = NO;
				CLANG_ANALYZER_NONNULL = YES;
				CLANG_ANALYZER_NUMBER_OBJECT_CONVERSION = YES_AGGRESSIVE;
				CLANG_CXX_LANGUAGE_STANDARD = "gnu++20";
				CLANG_ENABLE_MODULES = YES;
				CLANG_ENABLE_OBJC_ARC = YES;
				CLANG_ENABLE_OBJC_WEAK = YES;
				CLANG_WARN_BLOCK_CAPTURE_AUTORELEASING = YES;
				CLANG_WARN_BOOL_CONVERSION = YES;
				CLANG_WARN_COMMA = YES;
				CLANG_WARN_CONSTANT_CONVERSION = YES;
				CLANG_WARN_DEPRECATED_OBJC_IMPLEMENTATIONS = YES;
				CLANG_WARN_DIRECT_OBJC_ISA_USAGE = YES_ERROR;
				CLANG_WARN_DOCUMENTATION_COMMENTS = YES;
				CLANG_WARN_EMPTY_BODY = YES;
				CLANG_WARN_ENUM_CONVERSION = YES;
				CLANG_WARN_INFINITE_RECURSION = YES;
				CLANG_WARN_INT_CONVERSION = YES;
				CLANG_WARN_NON_LITERAL_NULL_CONVERSION = YES;
				CLANG_WARN_OBJC_IMPLICIT_RETAIN_SELF = YES;
				CLANG_WARN_OBJC_LITERAL_CONVERSION = YES;
				CLANG_WARN_OBJC_ROOT_CLASS = YES_ERROR;
				CLANG_WARN_QUOTED_INCLUDE_IN_FRAMEWORK_HEADER = YES;
				CLANG_WARN_RANGE_LOOP_ANALYSIS = YES;
				CLANG_WARN_STRICT_PROTOTYPES = YES;
				CLANG_WARN_SUSPICIOUS_MOVE = YES;
				CLANG_WARN_UNGUARDED_AVAILABILITY = YES_AGGRESSIVE;
				CLANG_WARN_UNREACHABLE_CODE = YES;
				CLANG_WARN__DUPLICATE_METHOD_MATCH = YES;
				COPY_PHASE_STRIP = NO;
				DEBUG_INFORMATION_FORMAT = dwarf;
				ENABLE_STRICT_OBJC_MSGSEND = YES;
				ENABLE_TESTABILITY = YES;
				GCC_C_LANGUAGE_STANDARD = gnu11;
				GCC_DYNAMIC_NO_PIC = NO;
				GCC_NO_COMMON_BLOCKS = YES;
				GCC_OPTIMIZATION_LEVEL = 0;
				GCC_PREPROCESSOR_DEFINITIONS = (
					"DEBUG=1",
					"$(inherited)",
				);
				GCC_WARN_64_TO_32_BIT_CONVERSION = YES;
				GCC_WARN_ABOUT_RETURN_TYPE = YES_ERROR;
				GCC_WARN_UNDECLARED_SELECTOR = YES;
				GCC_WARN_UNINITIALIZED_AUTOS = YES_AGGRESSIVE;
				GCC_WARN_UNUSED_FUNCTION = YES;
				GCC_WARN_UNUSED_VARIABLE = YES;
				IPHONEOS_DEPLOYMENT_TARGET = 16.0;
				MTL_ENABLE_DEBUG_INFO = INCLUDE_SOURCE;
				MTL_FAST_MATH = YES;
				ONLY_ACTIVE_ARCH = YES;
				SDKROOT = iphoneos;
				SWIFT_ACTIVE_COMPILATION_CONDITIONS = DEBUG;
				SWIFT_OPTIMIZATION_LEVEL = "-Onone";
			};
			name = Debug;
		};
		B16BF2F628FFF6D70094252C /* Release */ = {
			isa = XCBuildConfiguration;
			buildSettings = {
				ALWAYS_SEARCH_USER_PATHS = NO;
				CLANG_ANALYZER_NONNULL = YES;
				CLANG_ANALYZER_NUMBER_OBJECT_CONVERSION = YES_AGGRESSIVE;
				CLANG_CXX_LANGUAGE_STANDARD = "gnu++20";
				CLANG_ENABLE_MODULES = YES;
				CLANG_ENABLE_OBJC_ARC = YES;
				CLANG_ENABLE_OBJC_WEAK = YES;
				CLANG_WARN_BLOCK_CAPTURE_AUTORELEASING = YES;
				CLANG_WARN_BOOL_CONVERSION = YES;
				CLANG_WARN_COMMA = YES;
				CLANG_WARN_CONSTANT_CONVERSION = YES;
				CLANG_WARN_DEPRECATED_OBJC_IMPLEMENTATIONS = YES;
				CLANG_WARN_DIRECT_OBJC_ISA_USAGE = YES_ERROR;
				CLANG_WARN_DOCUMENTATION_COMMENTS = YES;
				CLANG_WARN_EMPTY_BODY = YES;
				CLANG_WARN_ENUM_CONVERSION = YES;
				CLANG_WARN_INFINITE_RECURSION = YES;
				CLANG_WARN_INT_CONVERSION = YES;
				CLANG_WARN_NON_LITERAL_NULL_CONVERSION = YES;
				CLANG_WARN_OBJC_IMPLICIT_RETAIN_SELF = YES;
				CLANG_WARN_OBJC_LITERAL_CONVERSION = YES;
				CLANG_WARN_OBJC_ROOT_CLASS = YES_ERROR;
				CLANG_WARN_QUOTED_INCLUDE_IN_FRAMEWORK_HEADER = YES;
				CLANG_WARN_RANGE_LOOP_ANALYSIS = YES;
				CLANG_WARN_STRICT_PROTOTYPES = YES;
				CLANG_WARN_SUSPICIOUS_MOVE = YES;
				CLANG_WARN_UNGUARDED_AVAILABILITY = YES_AGGRESSIVE;
				CLANG_WARN_UNREACHABLE_CODE = YES;
				CLANG_WARN__DUPLICATE_METHOD_MATCH = YES;
				COPY_PHASE_STRIP = NO;
				DEBUG_INFORMATION_FORMAT = "dwarf-with-dsym";
				ENABLE_NS_ASSERTIONS = NO;
				ENABLE_STRICT_OBJC_MSGSEND = YES;
				GCC_C_LANGUAGE_STANDARD = gnu11;
				GCC_NO_COMMON_BLOCKS = YES;
				GCC_WARN_64_TO_32_BIT_CONVERSION = YES;
				GCC_WARN_ABOUT_RETURN_TYPE = YES_ERROR;
				GCC_WARN_UNDECLARED_SELECTOR = YES;
				GCC_WARN_UNINITIALIZED_AUTOS = YES_AGGRESSIVE;
				GCC_WARN_UNUSED_FUNCTION = YES;
				GCC_WARN_UNUSED_VARIABLE = YES;
				IPHONEOS_DEPLOYMENT_TARGET = 16.0;
				MTL_ENABLE_DEBUG_INFO = NO;
				MTL_FAST_MATH = YES;
				SDKROOT = iphoneos;
				SWIFT_COMPILATION_MODE = wholemodule;
				SWIFT_OPTIMIZATION_LEVEL = "-O";
				VALIDATE_PRODUCT = YES;
			};
			name = Release;
		};
		B16BF2F828FFF6D70094252C /* Debug */ = {
			isa = XCBuildConfiguration;
			buildSettings = {
				ASSETCATALOG_COMPILER_APPICON_NAME = AppIcon;
				ASSETCATALOG_COMPILER_GLOBAL_ACCENT_COLOR_NAME = AccentColor;
				CODE_SIGN_STYLE = Automatic;
				CURRENT_PROJECT_VERSION = 1;
				DEVELOPMENT_TEAM = 73MVFJBF4M;
				GENERATE_INFOPLIST_FILE = YES;
				INFOPLIST_FILE = SpotifyFavs/Info.plist;
				INFOPLIST_KEY_UIApplicationSupportsIndirectInputEvents = YES;
				INFOPLIST_KEY_UILaunchStoryboardName = LaunchScreen;
				INFOPLIST_KEY_UIMainStoryboardFile = Main;
				INFOPLIST_KEY_UISupportedInterfaceOrientations_iPad = "UIInterfaceOrientationPortrait UIInterfaceOrientationPortraitUpsideDown UIInterfaceOrientationLandscapeLeft UIInterfaceOrientationLandscapeRight";
				INFOPLIST_KEY_UISupportedInterfaceOrientations_iPhone = "UIInterfaceOrientationPortrait UIInterfaceOrientationLandscapeLeft UIInterfaceOrientationLandscapeRight";
				LD_RUNPATH_SEARCH_PATHS = (
					"$(inherited)",
					"@executable_path/Frameworks",
				);
				MARKETING_VERSION = 1.0;
				PRODUCT_BUNDLE_IDENTIFIER = com.hendrikm.SpotifyFavs;
				PRODUCT_NAME = "$(TARGET_NAME)";
				SWIFT_EMIT_LOC_STRINGS = YES;
				SWIFT_VERSION = 5.0;
				TARGETED_DEVICE_FAMILY = "1,2";
			};
			name = Debug;
		};
		B16BF2F928FFF6D70094252C /* Release */ = {
			isa = XCBuildConfiguration;
			buildSettings = {
				ASSETCATALOG_COMPILER_APPICON_NAME = AppIcon;
				ASSETCATALOG_COMPILER_GLOBAL_ACCENT_COLOR_NAME = AccentColor;
				CODE_SIGN_STYLE = Automatic;
				CURRENT_PROJECT_VERSION = 1;
				DEVELOPMENT_TEAM = 73MVFJBF4M;
				GENERATE_INFOPLIST_FILE = YES;
				INFOPLIST_FILE = SpotifyFavs/Info.plist;
				INFOPLIST_KEY_UIApplicationSupportsIndirectInputEvents = YES;
				INFOPLIST_KEY_UILaunchStoryboardName = LaunchScreen;
				INFOPLIST_KEY_UIMainStoryboardFile = Main;
				INFOPLIST_KEY_UISupportedInterfaceOrientations_iPad = "UIInterfaceOrientationPortrait UIInterfaceOrientationPortraitUpsideDown UIInterfaceOrientationLandscapeLeft UIInterfaceOrientationLandscapeRight";
				INFOPLIST_KEY_UISupportedInterfaceOrientations_iPhone = "UIInterfaceOrientationPortrait UIInterfaceOrientationLandscapeLeft UIInterfaceOrientationLandscapeRight";
				LD_RUNPATH_SEARCH_PATHS = (
					"$(inherited)",
					"@executable_path/Frameworks",
				);
				MARKETING_VERSION = 1.0;
				PRODUCT_BUNDLE_IDENTIFIER = com.hendrikm.SpotifyFavs;
				PRODUCT_NAME = "$(TARGET_NAME)";
				SWIFT_EMIT_LOC_STRINGS = YES;
				SWIFT_VERSION = 5.0;
				TARGETED_DEVICE_FAMILY = "1,2";
			};
			name = Release;
		};
/* End XCBuildConfiguration section */

/* Begin XCConfigurationList section */
		B16BF2DB28FFF6D50094252C /* Build configuration list for PBXProject "SpotifyFavs" */ = {
			isa = XCConfigurationList;
			buildConfigurations = (
				B16BF2F528FFF6D70094252C /* Debug */,
				B16BF2F628FFF6D70094252C /* Release */,
			);
			defaultConfigurationIsVisible = 0;
			defaultConfigurationName = Release;
		};
		B16BF2F728FFF6D70094252C /* Build configuration list for PBXNativeTarget "SpotifyFavs" */ = {
			isa = XCConfigurationList;
			buildConfigurations = (
				B16BF2F828FFF6D70094252C /* Debug */,
				B16BF2F928FFF6D70094252C /* Release */,
			);
			defaultConfigurationIsVisible = 0;
			defaultConfigurationName = Release;
		};
/* End XCConfigurationList section */

/* Begin XCVersionGroup section */
		B16BF2EC28FFF6D50094252C /* SpotifyFavs.xcdatamodeld */ = {
			isa = XCVersionGroup;
			children = (
				B16BF2ED28FFF6D50094252C /* SpotifyFavs.xcdatamodel */,
			);
			currentVersion = B16BF2ED28FFF6D50094252C /* SpotifyFavs.xcdatamodel */;
			path = SpotifyFavs.xcdatamodeld;
			sourceTree = "<group>";
			versionGroupType = wrapper.xcdatamodel;
		};
/* End XCVersionGroup section */
	};
	rootObject = B16BF2D828FFF6D50094252C /* Project object */;
}
